
Microsoft Visual Studio Solution File, Format Version 12.00
# Visual Studio Version 16
VisualStudioVersion = 16.0.29102.190
MinimumVisualStudioVersion = 10.0.40219.1
Project("{FAE04EC0-301F-11D3-BF4B-00C04F79EFBC}") = "Creational.Builder.BuilderFacets", "Creational.Builder.BuilderFacets\Creational.Builder.BuilderFacets.csproj", "{F6DE1489-5FCC-475D-B6ED-DE64CBAA9AFA}"
EndProject
Global
	GlobalSection(SolutionConfigurationPlatforms) = preSolution
		Debug|Any CPU = Debug|Any CPU
		Release|Any CPU = Release|Any CPU
	EndGlobalSection
	GlobalSection(ProjectConfigurationPlatforms) = postSolution
		{F6DE1489-5FCC-475D-B6ED-DE64CBAA9AFA}.Debug|Any CPU.ActiveCfg = Debug|Any CPU
		{F6DE1489-5FCC-475D-B6ED-DE64CBAA9AFA}.Debug|Any CPU.Build.0 = Debug|Any CPU
		{F6DE1489-5FCC-475D-B6ED-DE64CBAA9AFA}.Release|Any CPU.ActiveCfg = Release|Any CPU
		{F6DE1489-5FCC-475D-B6ED-DE64CBAA9AFA}.Release|Any CPU.Build.0 = Release|Any CPU
	EndGlobalSection
	GlobalSection(SolutionProperties) = preSolution
		HideSolutionNode = FALSE
	EndGlobalSection
	GlobalSection(ExtensibilityGlobals) = postSolution
		SolutionGuid = {7F722B56-5D75-4E69-AE7F-8C2B89DF424C}
	EndGlobalSection
EndGlobal
